
Microsoft Visual Studio Solution File, Format Version 12.00
# Visual Studio 15
VisualStudioVersion = 15.0.28307.489
MinimumVisualStudioVersion = 10.0.40219.1
Project("{FAE04EC0-301F-11D3-BF4B-00C04F79EFBC}") = "AdvancedCSharp", "AdvancedCSharp\AdvancedCSharp.csproj", "{983273BA-A167-4F9A-B617-C0718C52FA85}"
EndProject
Global
	GlobalSection(SolutionConfigurationPlatforms) = preSolution
		Debug|Any CPU = Debug|Any CPU
		Release|Any CPU = Release|Any CPU
	EndGlobalSection
	GlobalSection(ProjectConfigurationPlatforms) = postSolution
		{983273BA-A167-4F9A-B617-C0718C52FA85}.Debug|Any CPU.ActiveCfg = Debug|Any CPU
		{983273BA-A167-4F9A-B617-C0718C52FA85}.Debug|Any CPU.Build.0 = Debug|Any CPU
		{983273BA-A167-4F9A-B617-C0718C52FA85}.Release|Any CPU.ActiveCfg = Release|Any CPU
		{983273BA-A167-4F9A-B617-C0718C52FA85}.Release|Any CPU.Build.0 = Release|Any CPU
	EndGlobalSection
	GlobalSection(SolutionProperties) = preSolution
		HideSolutionNode = FALSE
	EndGlobalSection
	GlobalSection(ExtensibilityGlobals) = postSolution
		SolutionGuid = {5ECDE7C6-0D03-4E3B-8172-CAF66E97CD1B}
	EndGlobalSection
EndGlobal
